// !$*UTF8*$!
{
	archiveVersion = 1;
	classes = {
	};
	objectVersion = 46;
	objects = {

/* Begin PBXBuildFile section */
		6587797F1E052D25006D991C /* AppDelegate.swift in Sources */ = {isa = PBXBuildFile; fileRef = 6587797E1E052D25006D991C /* AppDelegate.swift */; };
		658779811E052D25006D991C /* ViewController.swift in Sources */ = {isa = PBXBuildFile; fileRef = 658779801E052D25006D991C /* ViewController.swift */; };
		658779841E052D26006D991C /* Main.storyboard in Resources */ = {isa = PBXBuildFile; fileRef = 658779821E052D26006D991C /* Main.storyboard */; };
		658779861E052D26006D991C /* Assets.xcassets in Resources */ = {isa = PBXBuildFile; fileRef = 658779851E052D26006D991C /* Assets.xcassets */; };
		658779891E052D26006D991C /* LaunchScreen.storyboard in Resources */ = {isa = PBXBuildFile; fileRef = 658779871E052D26006D991C /* LaunchScreen.storyboard */; };
		658779911E052E13006D991C /* TableViewCell.swift in Sources */ = {isa = PBXBuildFile; fileRef = 658779901E052E13006D991C /* TableViewCell.swift */; };
/* End PBXBuildFile section */

/* Begin PBXFileReference section */
		6587797B1E052D25006D991C /* DynamicCellHeight.app */ = {isa = PBXFileReference; explicitFileType = wrapper.application; includeInIndex = 0; path = DynamicCellHeight.app; sourceTree = BUILT_PRODUCTS_DIR; };
		6587797E1E052D25006D991C /* AppDelegate.swift */ = {isa = PBXFileReference; lastKnownFileType = sourcecode.swift; path = AppDelegate.swift; sourceTree = "<group>"; };
		658779801E052D25006D991C /* ViewController.swift */ = {isa = PBXFileReference; lastKnownFileType = sourcecode.swift; path = ViewController.swift; sourceTree = "<group>"; };
		658779831E052D26006D991C /* Base */ = {isa = PBXFileReference; lastKnownFileType = file.storyboard; name = Base; path = Base.lproj/Main.storyboard; sourceTree = "<group>"; };
		658779851E052D26006D991C /* Assets.xcassets */ = {isa = PBXFileReference; lastKnownFileType = folder.assetcatalog; path = Assets.xcassets; sourceTree = "<group>"; };
		658779881E052D26006D991C /* Base */ = {isa = PBXFileReference; lastKnownFileType = file.storyboard; name = Base; path = Base.lproj/LaunchScreen.storyboard; sourceTree = "<group>"; };
		6587798A1E052D26006D991C /* Info.plist */ = {isa = PBXFileReference; lastKnownFileType = text.plist.xml; path = Info.plist; sourceTree = "<group>"; };
		658779901E052E13006D991C /* TableViewCell.swift */ = {isa = PBXFileReference; fileEncoding = 4; lastKnownFileType = sourcecode.swift; path = TableViewCell.swift; sourceTree = "<group>"; };
/* End PBXFileReference section */

/* Begin PBXFrameworksBuildPhase section */
		658779781E052D25006D991C /* Frameworks */ = {
			isa = PBXFrameworksBuildPhase;
			buildActionMask = 2147483647;
			files = (
			);
			runOnlyForDeploymentPostprocessing = 0;
		};
/* End PBXFrameworksBuildPhase section */

/* Begin PBXGroup section */
		658779721E052D25006D991C = {
			isa = PBXGroup;
			children = (
				6587797D1E052D25006D991C /* DynamicCellHeight */,
				6587797C1E052D25006D991C /* Products */,
			);
			sourceTree = "<group>";
		};
		6587797C1E052D25006D991C /* Products */ = {
			isa = PBXGroup;
			children = (
				6587797B1E052D25006D991C /* DynamicCellHeight.app */,
			);
			name = Products;
			sourceTree = "<group>";
		};
		6587797D1E052D25006D991C /* DynamicCellHeight */ = {
			isa = PBXGroup;
			children = (
				6587797E1E052D25006D991C /* AppDelegate.swift */,
				658779801E052D25006D991C /* ViewController.swift */,
				658779821E052D26006D991C /* Main.storyboard */,
				658779901E052E13006D991C /* TableViewCell.swift */,
				658779851E052D26006D991C /* Assets.xcassets */,
				658779871E052D26006D991C /* LaunchScreen.storyboard */,
				6587798A1E052D26006D991C /* Info.plist */,
			);
			path = DynamicCellHeight;
			sourceTree = "<group>";
		};
/* End PBXGroup section */

/* Begin PBXNativeTarget section */
		6587797A1E052D25006D991C /* DynamicCellHeight */ = {
			isa = PBXNativeTarget;
			buildConfigurationList = 6587798D1E052D26006D991C /* Build configuration list for PBXNativeTarget "DynamicCellHeight" */;
			buildPhases = (
				658779771E052D25006D991C /* Sources */,
				658779781E052D25006D991C /* Frameworks */,
				658779791E052D25006D991C /* Resources */,
			);
			buildRules = (
			);
			dependencies = (
			);
			name = DynamicCellHeight;
			productName = DynamicCellHeight;
			productReference = 6587797B1E052D25006D991C /* DynamicCellHeight.app */;
			productType = "com.apple.product-type.application";
		};
/* End PBXNativeTarget section */

/* Begin PBXProject section */
		658779731E052D25006D991C /* Project object */ = {
			isa = PBXProject;
			attributes = {
				LastSwiftUpdateCheck = 0810;
				LastUpgradeCheck = 0810;
				ORGANIZATIONNAME = "Zensar Technologies";
				TargetAttributes = {
					6587797A1E052D25006D991C = {
						CreatedOnToolsVersion = 8.1;
						ProvisioningStyle = Automatic;
					};
				};
			};
			buildConfigurationList = 658779761E052D25006D991C /* Build configuration list for PBXProject "DynamicCellHeight" */;
			compatibilityVersion = "Xcode 3.2";
			developmentRegion = English;
			hasScannedForEncodings = 0;
			knownRegions = (
				en,
				Base,
			);
			mainGroup = 658779721E052D25006D991C;
			productRefGroup = 6587797C1E052D25006D991C /* Products */;
			projectDirPath = "";
			projectRoot = "";
			targets = (
				6587797A1E052D25006D991C /* DynamicCellHeight */,
			);
		};
/* End PBXProject section */

/* Begin PBXResourcesBuildPhase section */
		658779791E052D25006D991C /* Resources */ = {
			isa = PBXResourcesBuildPhase;
			buildActionMask = 2147483647;
			files = (
				658779891E052D26006D991C /* LaunchScreen.storyboard in Resources */,
				658779861E052D26006D991C /* Assets.xcassets in Resources */,
				658779841E052D26006D991C /* Main.storyboard in Resources */,
			);
			runOnlyForDeploymentPostprocessing = 0;
		};
/* End PBXResourcesBuildPhase section */

/* Begin PBXSourcesBuildPhase section */
		658779771E052D25006D991C /* Sources */ = {
			isa = PBXSourcesBuildPhase;
			buildActionMask = 2147483647;
			files = (
				658779911E052E13006D991C /* TableViewCell.swift in Sources */,
				658779811E052D25006D991C /* ViewController.swift in Sources */,
				6587797F1E052D25006D991C /* AppDelegate.swift in Sources */,
			);
			runOnlyForDeploymentPostprocessing = 0;
		};
/* End PBXSourcesBuildPhase section */

/* Begin PBXVariantGroup section */
		658779821E052D26006D991C /* Main.storyboard */ = {
			isa = PBXVariantGroup;
			children = (
				658779831E052D26006D991C /* Base */,
			);
			name = Main.storyboard;
			sourceTree = "<group>";
		};
		658779871E052D26006D991C /* LaunchScreen.storyboard */ = {
			isa = PBXVariantGroup;
			children = (
				658779881E052D26006D991C /* Base */,
			);
			name = LaunchScreen.storyboard;
			sourceTree = "<group>";
		};
/* End PBXVariantGroup section */

/* Begin XCBuildConfiguration section */
		6587798B1E052D26006D991C /* Debug */ = {
			isa = XCBuildConfiguration;
			buildSettings = {
				ALWAYS_SEARCH_USER_PATHS = NO;
				CLANG_ANALYZER_NONNULL = YES;
				CLANG_CXX_LANGUAGE_STANDARD = "gnu++0x";
				CLANG_CXX_LIBRARY = "libc++";
				CLANG_ENABLE_MODULES = YES;
				CLANG_ENABLE_OBJC_ARC = YES;
				CLANG_WARN_BOOL_CONVERSION = YES;
				CLANG_WARN_CONSTANT_CONVERSION = YES;
				CLANG_WARN_DIRECT_OBJC_ISA_USAGE = YES_ERROR;
				CLANG_WARN_DOCUMENTATION_COMMENTS = YES;
				CLANG_WARN_EMPTY_BODY = YES;
				CLANG_WARN_ENUM_CONVERSION = YES;
				CLANG_WARN_INFINITE_RECURSION = YES;
				CLANG_WARN_INT_CONVERSION = YES;
				CLANG_WARN_OBJC_ROOT_CLASS = YES_ERROR;
				CLANG_WARN_SUSPICIOUS_MOVES = YES;
				CLANG_WARN_UNREACHABLE_CODE = YES;
				CLANG_WARN__DUPLICATE_METHOD_MATCH = YES;
				"CODE_SIGN_IDENTITY[sdk=iphoneos*]" = "iPhone Developer";
				COPY_PHASE_STRIP = NO;
				DEBUG_INFORMATION_FORMAT = dwarf;
				ENABLE_STRICT_OBJC_MSGSEND = YES;
				ENABLE_TESTABILITY = YES;
				GCC_C_LANGUAGE_STANDARD = gnu99;
				GCC_DYNAMIC_NO_PIC = NO;
				GCC_NO_COMMON_BLOCKS = YES;
				GCC_OPTIMIZATION_LEVEL = 0;
				GCC_PREPROCESSOR_DEFINITIONS = (
					"DEBUG=1",
					"$(inherited)",
				);
				GCC_WARN_64_TO_32_BIT_CONVERSION = YES;
				GCC_WARN_ABOUT_RETURN_TYPE = YES_ERROR;
				GCC_WARN_UNDECLARED_SELECTOR = YES;
				GCC_WARN_UNINITIALIZED_AUTOS = YES_AGGRESSIVE;
				GCC_WARN_UNUSED_FUNCTION = YES;
				GCC_WARN_UNUSED_VARIABLE = YES;
				IPHONEOS_DEPLOYMENT_TARGET = 10.1;
				MTL_ENABLE_DEBUG_INFO = YES;
				ONLY_ACTIVE_ARCH = YES;
				SDKROOT = iphoneos;
				SWIFT_ACTIVE_COMPILATION_CONDITIONS = DEBUG;
				SWIFT_OPTIMIZATION_LEVEL = "-Onone";
				TARGETED_DEVICE_FAMILY = "1,2";
			};
			name = Debug;
		};
		6587798C1E052D26006D991C /* Release */ = {
			isa = XCBuildConfiguration;
			buildSettings = {
				ALWAYS_SEARCH_USER_PATHS = NO;
				CLANG_ANALYZER_NONNULL = YES;
				CLANG_CXX_LANGUAGE_STANDARD = "gnu++0x";
				CLANG_CXX_LIBRARY = "libc++";
				CLANG_ENABLE_MODULES = YES;
				CLANG_ENABLE_OBJC_ARC = YES;
				CLANG_WARN_BOOL_CONVERSION = YES;
				CLANG_WARN_CONSTANT_CONVERSION = YES;
				CLANG_WARN_DIRECT_OBJC_ISA_USAGE = YES_ERROR;
				CLANG_WARN_DOCUMENTATION_COMMENTS = YES;
				CLANG_WARN_EMPTY_BODY = YES;
				CLANG_WARN_ENUM_CONVERSION = YES;
				CLANG_WARN_INFINITE_RECURSION = YES;
				CLANG_WARN_INT_CONVERSION = YES;
				CLANG_WARN_OBJC_ROOT_CLASS = YES_ERROR;
				CLANG_WARN_SUSPICIOUS_MOVES = YES;
				CLANG_WARN_UNREACHABLE_CODE = YES;
				CLANG_WARN__DUPLICATE_METHOD_MATCH = YES;
				"CODE_SIGN_IDENTITY[sdk=iphoneos*]" = "iPhone Developer";
				COPY_PHASE_STRIP = NO;
				DEBUG_INFORMATION_FORMAT = "dwarf-with-dsym";
				ENABLE_NS_ASSERTIONS = NO;
				ENABLE_STRICT_OBJC_MSGSEND = YES;
				GCC_C_LANGUAGE_STANDARD = gnu99;
				GCC_NO_COMMON_BLOCKS = YES;
				GCC_WARN_64_TO_32_BIT_CONVERSION = YES;
				GCC_WARN_ABOUT_RETURN_TYPE = YES_ERROR;
				GCC_WARN_UNDECLARED_SELECTOR = YES;
				GCC_WARN_UNINITIALIZED_AUTOS = YES_AGGRESSIVE;
				GCC_WARN_UNUSED_FUNCTION = YES;
				GCC_WARN_UNUSED_VARIABLE = YES;
				IPHONEOS_DEPLOYMENT_TARGET = 10.1;
				MTL_ENABLE_DEBUG_INFO = NO;
				SDKROOT = iphoneos;
				SWIFT_OPTIMIZATION_LEVEL = "-Owholemodule";
				TARGETED_DEVICE_FAMILY = "1,2";
				VALIDATE_PRODUCT = YES;
			};
			name = Release;
		};
		6587798E1E052D26006D991C /* Debug */ = {
			isa = XCBuildConfiguration;
			buildSettings = {
				ASSETCATALOG_COMPILER_APPICON_NAME = AppIcon;
				INFOPLIST_FILE = DynamicCellHeight/Info.plist;
				LD_RUNPATH_SEARCH_PATHS = "$(inherited) @executable_path/Frameworks";
				PRODUCT_BUNDLE_IDENTIFIER = com.zensar.DynamicCellHeight;
				PRODUCT_NAME = "$(TARGET_NAME)";
				SWIFT_VERSION = 2.3;
			};
			name = Debug;
		};
		6587798F1E052D26006D991C /* Release */ = {
			isa = XCBuildConfiguration;
			buildSettings = {
				ASSETCATALOG_COMPILER_APPICON_NAME = AppIcon;
				INFOPLIST_FILE = DynamicCellHeight/Info.plist;
				LD_RUNPATH_SEARCH_PATHS = "$(inherited) @executable_path/Frameworks";
				PRODUCT_BUNDLE_IDENTIFIER = com.zensar.DynamicCellHeight;
				PRODUCT_NAME = "$(TARGET_NAME)";
				SWIFT_VERSION = 2.3;
			};
			name = Release;
		};
/* End XCBuildConfiguration section */

/* Begin XCConfigurationList section */
		658779761E052D25006D991C /* Build configuration list for PBXProject "DynamicCellHeight" */ = {
			isa = XCConfigurationList;
			buildConfigurations = (
				6587798B1E052D26006D991C /* Debug */,
				6587798C1E052D26006D991C /* Release */,
			);
			defaultConfigurationIsVisible = 0;
			defaultConfigurationName = Release;
		};
		6587798D1E052D26006D991C /* Build configuration list for PBXNativeTarget "DynamicCellHeight" */ = {
			isa = XCConfigurationList;
			buildConfigurations = (
				6587798E1E052D26006D991C /* Debug */,
				6587798F1E052D26006D991C /* Release */,
			);
			defaultConfigurationIsVisible = 0;
			defaultConfigurationName = Release;
		};
/* End XCConfigurationList section */
	};
	rootObject = 658779731E052D25006D991C /* Project object */;
}
